github.com/aws/aws-sdk-go-v2 v1.0.0 h1:ncEVPoHArsG+HjoDe/3ex/TG1CbLwMQ4eaWj0UGdyTo=
github.com/aws/aws-sdk-go-v2 v1.0.0/go.mod h1:smfAbmpW+tcRVuNUjo3MOArSZmW72t62rkCzc2i0TWM=
github.com/aws/aws-sdk-go-v2/config v1.0.0 h1:x6vSFAwqAvhYPeSu60f0ZUlGHo3PKKmwDOTL8aMXtv4=
github.com/aws/aws-sdk-go-v2/config v1.0.0/go.mod h1:WysE/OpUgE37tjtmtJd8GXgT8s1euilE5XtUkRNUQ1w=
github.com/aws/aws-sdk-go-v2/credentials v1.0.0 h1:0M7netgZ8gCV4v7z1km+Fbl7j6KQYyZL7SS0/l5Jn/4=
github.com/aws/aws-sdk-go-v2/credentials v1.0.0/go.mod h1:/SvsiqBf509hG4Bddigr3NB12MIpfHhZapyBurJe8aY=
github.com/aws/aws-sdk-go-v2/feature/ec2/imds v1.0.0 h1:lO7fH5n7Q1dKcDBpuTmwJylD1bOQiRig8LI6TD9yVQk=
github.com/aws/aws-sdk-go-v2/feature/ec2/imds v1.0.0/go.mod h1:wpMHDCXvOXZxGCRSidyepa8uJHY4vaBGfY2/+oKU/Bc=
github.com/aws/aws-sdk-go-v2/service/internal/presigned-url v1.0.0 h1:IAutMPSrynpvKOpHG6HyWHmh1xmxWAmYOK84NrQVqVQ=
github.com/aws/aws-sdk-go-v2/service/internal/presigned-url v1.0.0/go.mod h1:3jExOmpbjgPnz2FJaMOfbSk1heTkZ66aD3yNtVhnjvI=
github.com/aws/aws-sdk-go-v2/service/kinesis v1.0.0 h1:0qEL+rZCEyqjdUpjk4oWNwEnoViwyOuKHIzBID8ZsMc=
github.com/aws/aws-sdk-go-v2/service/kinesis v1.0.0/go.mod h1:rSQggMm8F3eOSMzPELXYTCtpHT6ETpITL5v6AwbgqJU=
github.com/aws/aws-sdk-go-v2/service/sts v1.0.0 h1:6XCgxNfE4L/Fnq+InhVNd16DKc6Ue1f3dJl3IwwJRUQ=
github.com/aws/aws-sdk-go-v2/service/sts v1.0.0/go.mod h1:5f+cELGATgill5Pu3/vK3Ebuigstc+qYEHW5MvGWZO4=
github.com/aws/smithy-go v1.0.0 h1:hkhcRKG9rJ4Fn+RbfXY7Tz7b3ITLDyolBnLLBhwbg/c=
github.com/aws/smithy-go v1.0.0/go.mod h1:EzMw8dbp/YJL4A5/sbhGddag+NPT7q084agLbB9LgIw=
github.com/davecgh/go-spew v1.1.0/go.mod h1:J7Y8YcW2NihsgmVo/mv3lAwl/skON4iLHjSsI+c5H38=
github.com/google/go-cmp v0.4.1/go.mod h1:v8dTdLbMG2kIc/vJvl+f65V22dbkXbowE6jgT/gNBxE=
github.com/google/go-cmp v0.5.4/go.mod h1:v8dTdLbMG2kIc/vJvl+f65V22dbkXbowE6jgT/gNBxE=
github.com/jmespath/go-jmespath v0.4.0 h1:BEgLn5cpjn8UN1mAw4NjwDrS35OdebyEtFe+9YPoQUg=
github.com/jmespath/go-jmespath v0.4.0/go.mod h1:T8mJZnbsbmF+m6zOOFylbeCJqk5+pHWvzYPziyZiYoo=
github.com/jmespath/go-jmespath/internal/testify v1.5.1/go.mod h1:L3OGu8Wl2/fWfCI6z80xFu9LTZmf1ZRjMHUOPmWr69U=
github.com/jroimartin/gocui v0.4.0 h1:52jnalstgmc25FmtGcWqa0tcbMEWS6RpFLsOIO+I+E8=
github.com/jroimartin/gocui v0.4.0/go.mod h1:7i7bbj99OgFHzo7kB2zPb8pXLqMBSQegY7azfqXMkyY=
github.com/mattn/go-runewidth v0.0.9 h1:Lm995f3rfxdpd6TSmuVCHVb/QhupuXlYr8sCI/QdE+0=
github.com/mattn/go-runewidth v0.0.9/go.mod h1:H031xJmbD/WCDINGzjvQ9THkh0rPKHF+m2gUSrubnMI=
github.com/nsf/termbox-go v0.0.0-20210114135735-d04385b850e8 h1:3vzIuru1svOK2sXlg4XcrO3KkGRneIejmfQfR+ptSW8=
github.com/nsf/termbox-go v0.0.0-20210114135735-d04385b850e8/go.mod h1:T0cTdVuOwf7pHQNtfhnEbzHbcNyCEcVU4YPpouCbVxo=
github.com/pmezard/go-difflib v1.0.0/go.mod h1:iKH77koFhYxTK1pcRnkKkqfTogsbg7gZNVY4sRDYZ/4=
github.com/stretchr/objx v0.1.0/go.mod h1:HFkY916IF+rwdDfMAkV7OtwuqBVzrE8GR6GFx+wExME=
github.com/tidwall/pretty v1.0.2 h1:Z7S3cePv9Jwm1KwS0513MRaoUe3S01WPbLNV40pwWZU=
github.com/tidwall/pretty v1.0.2/go.mod h1:XNkn88O1ChpSDQmQeStsy+sBenx6DDtFZJxhVysOjyk=
golang.org/x/xerrors v0.0.0-20191204190536-9bdfabe68543/go.mod h1:I/5z698sn9Ka8TeJc9MKroUUfqBBauWjQqLJ2OPfmY0=
gopkg.in/check.v1 v0.0.0-20161208181325-20d25e280405/go.mod h1:Co6ibVJAznAaIkqp8huTwlJQCZ016jof/cbN4VW5Yz0=
gopkg.in/yaml.v2 v2.2.8/go.mod h1:hI93XBmqTisBFMUTm0b8Fm+jr3Dg1NNxqwp+5A1VGuI=
